// !$*UTF8*$!
{
	archiveVersion = 1;
	classes = {
	};
	objectVersion = 56;
	objects = {

/* Begin PBXBuildFile section */
		9614DA502A6DAE520037961D /* TaskTodoTableViewCell.swift in Sources */ = {isa = PBXBuildFile; fileRef = 9614DA4F2A6DAE520037961D /* TaskTodoTableViewCell.swift */; };
		962BFE952A6BE5780040A29B /* AppDelegate.swift in Sources */ = {isa = PBXBuildFile; fileRef = 962BFE942A6BE5780040A29B /* AppDelegate.swift */; };
		962BFE972A6BE5780040A29B /* SceneDelegate.swift in Sources */ = {isa = PBXBuildFile; fileRef = 962BFE962A6BE5780040A29B /* SceneDelegate.swift */; };
		962BFE992A6BE5780040A29B /* TodoListViewController.swift in Sources */ = {isa = PBXBuildFile; fileRef = 962BFE982A6BE5780040A29B /* TodoListViewController.swift */; };
		962BFE9F2A6BE5780040A29B /* Todoshka.xcdatamodeld in Sources */ = {isa = PBXBuildFile; fileRef = 962BFE9D2A6BE5780040A29B /* Todoshka.xcdatamodeld */; };
		962BFEA12A6BE5790040A29B /* Assets.xcassets in Resources */ = {isa = PBXBuildFile; fileRef = 962BFEA02A6BE5790040A29B /* Assets.xcassets */; };
		962BFEAC2A6BF06C0040A29B /* LaunchScreen.storyboard in Resources */ = {isa = PBXBuildFile; fileRef = 962BFEAB2A6BF06C0040A29B /* LaunchScreen.storyboard */; };
		962BFEB02A6C08D30040A29B /* SnapKit in Frameworks */ = {isa = PBXBuildFile; productRef = 962BFEAF2A6C08D30040A29B /* SnapKit */; };
		962BFEB22A6C3A180040A29B /* TodoTableViewCell.swift in Sources */ = {isa = PBXBuildFile; fileRef = 962BFEB12A6C3A180040A29B /* TodoTableViewCell.swift */; };
		9677E0FC2A6EB01700461D67 /* MainNC.swift in Sources */ = {isa = PBXBuildFile; fileRef = 9677E0FB2A6EB01700461D67 /* MainNC.swift */; };
		96DECE862A7055B5002E6841 /* Colors.swift in Sources */ = {isa = PBXBuildFile; fileRef = 96DECE852A7055B5002E6841 /* Colors.swift */; };
/* End PBXBuildFile section */

/* Begin PBXFileReference section */
		9614DA4F2A6DAE520037961D /* TaskTodoTableViewCell.swift */ = {isa = PBXFileReference; lastKnownFileType = sourcecode.swift; path = TaskTodoTableViewCell.swift; sourceTree = "<group>"; };
		962BFE912A6BE5780040A29B /* Todoshka.app */ = {isa = PBXFileReference; explicitFileType = wrapper.application; includeInIndex = 0; path = Todoshka.app; sourceTree = BUILT_PRODUCTS_DIR; };
		962BFE942A6BE5780040A29B /* AppDelegate.swift */ = {isa = PBXFileReference; lastKnownFileType = sourcecode.swift; path = AppDelegate.swift; sourceTree = "<group>"; };
		962BFE962A6BE5780040A29B /* SceneDelegate.swift */ = {isa = PBXFileReference; lastKnownFileType = sourcecode.swift; path = SceneDelegate.swift; sourceTree = "<group>"; };
		962BFE982A6BE5780040A29B /* TodoListViewController.swift */ = {isa = PBXFileReference; lastKnownFileType = sourcecode.swift; path = TodoListViewController.swift; sourceTree = "<group>"; };
		962BFE9E2A6BE5780040A29B /* Todoshka.xcdatamodel */ = {isa = PBXFileReference; lastKnownFileType = wrapper.xcdatamodel; path = Todoshka.xcdatamodel; sourceTree = "<group>"; };
		962BFEA02A6BE5790040A29B /* Assets.xcassets */ = {isa = PBXFileReference; lastKnownFileType = folder.assetcatalog; path = Assets.xcassets; sourceTree = "<group>"; };
		962BFEA52A6BE5790040A29B /* Info.plist */ = {isa = PBXFileReference; lastKnownFileType = text.plist.xml; path = Info.plist; sourceTree = "<group>"; };
		962BFEAB2A6BF06C0040A29B /* LaunchScreen.storyboard */ = {isa = PBXFileReference; lastKnownFileType = file.storyboard; path = LaunchScreen.storyboard; sourceTree = "<group>"; };
		962BFEB12A6C3A180040A29B /* TodoTableViewCell.swift */ = {isa = PBXFileReference; lastKnownFileType = sourcecode.swift; path = TodoTableViewCell.swift; sourceTree = "<group>"; };
		9677E0FB2A6EB01700461D67 /* MainNC.swift */ = {isa = PBXFileReference; lastKnownFileType = sourcecode.swift; path = MainNC.swift; sourceTree = "<group>"; };
		96DECE852A7055B5002E6841 /* Colors.swift */ = {isa = PBXFileReference; lastKnownFileType = sourcecode.swift; path = Colors.swift; sourceTree = "<group>"; };
/* End PBXFileReference section */

/* Begin PBXFrameworksBuildPhase section */
		962BFE8E2A6BE5780040A29B /* Frameworks */ = {
			isa = PBXFrameworksBuildPhase;
			buildActionMask = 2147483647;
			files = (
				962BFEB02A6C08D30040A29B /* SnapKit in Frameworks */,
			);
			runOnlyForDeploymentPostprocessing = 0;
		};
/* End PBXFrameworksBuildPhase section */

/* Begin PBXGroup section */
		9614DA4E2A6DADE90037961D /* Views */ = {
			isa = PBXGroup;
			children = (
				962BFEB82A6C5A200040A29B /* Base */,
				9614DA4F2A6DAE520037961D /* TaskTodoTableViewCell.swift */,
			);
			path = Views;
			sourceTree = "<group>";
		};
		962BFE882A6BE5780040A29B = {
			isa = PBXGroup;
			children = (
				962BFE932A6BE5780040A29B /* Todoshka */,
				962BFE922A6BE5780040A29B /* Products */,
			);
			sourceTree = "<group>";
		};
		962BFE922A6BE5780040A29B /* Products */ = {
			isa = PBXGroup;
			children = (
				962BFE912A6BE5780040A29B /* Todoshka.app */,
			);
			name = Products;
			sourceTree = "<group>";
		};
		962BFE932A6BE5780040A29B /* Todoshka */ = {
			isa = PBXGroup;
			children = (
				962BFEB62A6C59F90040A29B /* App */,
				962BFEB72A6C5A0E0040A29B /* Controllers */,
				9614DA4E2A6DADE90037961D /* Views */,
				962BFEA52A6BE5790040A29B /* Info.plist */,
			);
			path = Todoshka;
			sourceTree = "<group>";
		};
		962BFEB32A6C55730040A29B /* Resources */ = {
			isa = PBXGroup;
			children = (
				962BFEA02A6BE5790040A29B /* Assets.xcassets */,
				962BFE9D2A6BE5780040A29B /* Todoshka.xcdatamodeld */,
				96DECE852A7055B5002E6841 /* Colors.swift */,
			);
			path = Resources;
			sourceTree = "<group>";
		};
		962BFEB42A6C55A30040A29B /* App&SceneDelegate */ = {
			isa = PBXGroup;
			children = (
				962BFE942A6BE5780040A29B /* AppDelegate.swift */,
				962BFE962A6BE5780040A29B /* SceneDelegate.swift */,
			);
			path = "App&SceneDelegate";
			sourceTree = "<group>";
		};
		962BFEB52A6C55BF0040A29B /* Storyboards */ = {
			isa = PBXGroup;
			children = (
				962BFEAB2A6BF06C0040A29B /* LaunchScreen.storyboard */,
			);
			path = Storyboards;
			sourceTree = "<group>";
		};
		962BFEB62A6C59F90040A29B /* App */ = {
			isa = PBXGroup;
			children = (
				962BFEB52A6C55BF0040A29B /* Storyboards */,
				962BFEB42A6C55A30040A29B /* App&SceneDelegate */,
				962BFEB32A6C55730040A29B /* Resources */,
			);
			path = App;
			sourceTree = "<group>";
		};
		962BFEB72A6C5A0E0040A29B /* Controllers */ = {
			isa = PBXGroup;
			children = (
				962BFE982A6BE5780040A29B /* TodoListViewController.swift */,
				9677E0FB2A6EB01700461D67 /* MainNC.swift */,
			);
			path = Controllers;
			sourceTree = "<group>";
		};
		962BFEB82A6C5A200040A29B /* Base */ = {
			isa = PBXGroup;
			children = (
				962BFEB12A6C3A180040A29B /* TodoTableViewCell.swift */,
			);
			path = Base;
			sourceTree = "<group>";
		};
/* End PBXGroup section */

/* Begin PBXNativeTarget section */
		962BFE902A6BE5780040A29B /* Todoshka */ = {
			isa = PBXNativeTarget;
			buildConfigurationList = 962BFEA82A6BE5790040A29B /* Build configuration list for PBXNativeTarget "Todoshka" */;
			buildPhases = (
				962BFE8D2A6BE5780040A29B /* Sources */,
				962BFE8E2A6BE5780040A29B /* Frameworks */,
				962BFE8F2A6BE5780040A29B /* Resources */,
			);
			buildRules = (
			);
			dependencies = (
			);
			name = Todoshka;
			packageProductDependencies = (
				962BFEAF2A6C08D30040A29B /* SnapKit */,
			);
			productName = Todoshka;
			productReference = 962BFE912A6BE5780040A29B /* Todoshka.app */;
			productType = "com.apple.product-type.application";
		};
/* End PBXNativeTarget section */

/* Begin PBXProject section */
		962BFE892A6BE5780040A29B /* Project object */ = {
			isa = PBXProject;
			attributes = {
				BuildIndependentTargetsInParallel = 1;
				LastSwiftUpdateCheck = 1420;
				LastUpgradeCheck = 1420;
				TargetAttributes = {
					962BFE902A6BE5780040A29B = {
						CreatedOnToolsVersion = 14.2;
					};
				};
			};
			buildConfigurationList = 962BFE8C2A6BE5780040A29B /* Build configuration list for PBXProject "Todoshka" */;
			compatibilityVersion = "Xcode 14.0";
			developmentRegion = en;
			hasScannedForEncodings = 0;
			knownRegions = (
				en,
				Base,
			);
			mainGroup = 962BFE882A6BE5780040A29B;
			packageReferences = (
				962BFEAE2A6C08D30040A29B /* XCRemoteSwiftPackageReference "SnapKit" */,
			);
			productRefGroup = 962BFE922A6BE5780040A29B /* Products */;
			projectDirPath = "";
			projectRoot = "";
			targets = (
				962BFE902A6BE5780040A29B /* Todoshka */,
			);
		};
/* End PBXProject section */

/* Begin PBXResourcesBuildPhase section */
		962BFE8F2A6BE5780040A29B /* Resources */ = {
			isa = PBXResourcesBuildPhase;
			buildActionMask = 2147483647;
			files = (
				962BFEA12A6BE5790040A29B /* Assets.xcassets in Resources */,
				962BFEAC2A6BF06C0040A29B /* LaunchScreen.storyboard in Resources */,
			);
			runOnlyForDeploymentPostprocessing = 0;
		};
/* End PBXResourcesBuildPhase section */

/* Begin PBXSourcesBuildPhase section */
		962BFE8D2A6BE5780040A29B /* Sources */ = {
			isa = PBXSourcesBuildPhase;
			buildActionMask = 2147483647;
			files = (
				9614DA502A6DAE520037961D /* TaskTodoTableViewCell.swift in Sources */,
				96DECE862A7055B5002E6841 /* Colors.swift in Sources */,
				962BFE992A6BE5780040A29B /* TodoListViewController.swift in Sources */,
				9677E0FC2A6EB01700461D67 /* MainNC.swift in Sources */,
				962BFEB22A6C3A180040A29B /* TodoTableViewCell.swift in Sources */,
				962BFE952A6BE5780040A29B /* AppDelegate.swift in Sources */,
				962BFE9F2A6BE5780040A29B /* Todoshka.xcdatamodeld in Sources */,
				962BFE972A6BE5780040A29B /* SceneDelegate.swift in Sources */,
			);
			runOnlyForDeploymentPostprocessing = 0;
		};
/* End PBXSourcesBuildPhase section */

/* Begin XCBuildConfiguration section */
		962BFEA62A6BE5790040A29B /* Debug */ = {
			isa = XCBuildConfiguration;
			buildSettings = {
				ALWAYS_SEARCH_USER_PATHS = NO;
				CLANG_ANALYZER_NONNULL = YES;
				CLANG_ANALYZER_NUMBER_OBJECT_CONVERSION = YES_AGGRESSIVE;
				CLANG_CXX_LANGUAGE_STANDARD = "gnu++20";
				CLANG_ENABLE_MODULES = YES;
				CLANG_ENABLE_OBJC_ARC = YES;
				CLANG_ENABLE_OBJC_WEAK = YES;
				CLANG_WARN_BLOCK_CAPTURE_AUTORELEASING = YES;
				CLANG_WARN_BOOL_CONVERSION = YES;
				CLANG_WARN_COMMA = YES;
				CLANG_WARN_CONSTANT_CONVERSION = YES;
				CLANG_WARN_DEPRECATED_OBJC_IMPLEMENTATIONS = YES;
				CLANG_WARN_DIRECT_OBJC_ISA_USAGE = YES_ERROR;
				CLANG_WARN_DOCUMENTATION_COMMENTS = YES;
				CLANG_WARN_EMPTY_BODY = YES;
				CLANG_WARN_ENUM_CONVERSION = YES;
				CLANG_WARN_INFINITE_RECURSION = YES;
				CLANG_WARN_INT_CONVERSION = YES;
				CLANG_WARN_NON_LITERAL_NULL_CONVERSION = YES;
				CLANG_WARN_OBJC_IMPLICIT_RETAIN_SELF = YES;
				CLANG_WARN_OBJC_LITERAL_CONVERSION = YES;
				CLANG_WARN_OBJC_ROOT_CLASS = YES_ERROR;
				CLANG_WARN_QUOTED_INCLUDE_IN_FRAMEWORK_HEADER = YES;
				CLANG_WARN_RANGE_LOOP_ANALYSIS = YES;
				CLANG_WARN_STRICT_PROTOTYPES = YES;
				CLANG_WARN_SUSPICIOUS_MOVE = YES;
				CLANG_WARN_UNGUARDED_AVAILABILITY = YES_AGGRESSIVE;
				CLANG_WARN_UNREACHABLE_CODE = YES;
				CLANG_WARN__DUPLICATE_METHOD_MATCH = YES;
				COPY_PHASE_STRIP = NO;
				DEBUG_INFORMATION_FORMAT = dwarf;
				ENABLE_STRICT_OBJC_MSGSEND = YES;
				ENABLE_TESTABILITY = YES;
				GCC_C_LANGUAGE_STANDARD = gnu11;
				GCC_DYNAMIC_NO_PIC = NO;
				GCC_NO_COMMON_BLOCKS = YES;
				GCC_OPTIMIZATION_LEVEL = 0;
				GCC_PREPROCESSOR_DEFINITIONS = (
					"DEBUG=1",
					"$(inherited)",
				);
				GCC_WARN_64_TO_32_BIT_CONVERSION = YES;
				GCC_WARN_ABOUT_RETURN_TYPE = YES_ERROR;
				GCC_WARN_UNDECLARED_SELECTOR = YES;
				GCC_WARN_UNINITIALIZED_AUTOS = YES_AGGRESSIVE;
				GCC_WARN_UNUSED_FUNCTION = YES;
				GCC_WARN_UNUSED_VARIABLE = YES;
				IPHONEOS_DEPLOYMENT_TARGET = 16.2;
				MTL_ENABLE_DEBUG_INFO = INCLUDE_SOURCE;
				MTL_FAST_MATH = YES;
				ONLY_ACTIVE_ARCH = YES;
				SDKROOT = iphoneos;
				SWIFT_ACTIVE_COMPILATION_CONDITIONS = DEBUG;
				SWIFT_OPTIMIZATION_LEVEL = "-Onone";
			};
			name = Debug;
		};
		962BFEA72A6BE5790040A29B /* Release */ = {
			isa = XCBuildConfiguration;
			buildSettings = {
				ALWAYS_SEARCH_USER_PATHS = NO;
				CLANG_ANALYZER_NONNULL = YES;
				CLANG_ANALYZER_NUMBER_OBJECT_CONVERSION = YES_AGGRESSIVE;
				CLANG_CXX_LANGUAGE_STANDARD = "gnu++20";
				CLANG_ENABLE_MODULES = YES;
				CLANG_ENABLE_OBJC_ARC = YES;
				CLANG_ENABLE_OBJC_WEAK = YES;
				CLANG_WARN_BLOCK_CAPTURE_AUTORELEASING = YES;
				CLANG_WARN_BOOL_CONVERSION = YES;
				CLANG_WARN_COMMA = YES;
				CLANG_WARN_CONSTANT_CONVERSION = YES;
				CLANG_WARN_DEPRECATED_OBJC_IMPLEMENTATIONS = YES;
				CLANG_WARN_DIRECT_OBJC_ISA_USAGE = YES_ERROR;
				CLANG_WARN_DOCUMENTATION_COMMENTS = YES;
				CLANG_WARN_EMPTY_BODY = YES;
				CLANG_WARN_ENUM_CONVERSION = YES;
				CLANG_WARN_INFINITE_RECURSION = YES;
				CLANG_WARN_INT_CONVERSION = YES;
				CLANG_WARN_NON_LITERAL_NULL_CONVERSION = YES;
				CLANG_WARN_OBJC_IMPLICIT_RETAIN_SELF = YES;
				CLANG_WARN_OBJC_LITERAL_CONVERSION = YES;
				CLANG_WARN_OBJC_ROOT_CLASS = YES_ERROR;
				CLANG_WARN_QUOTED_INCLUDE_IN_FRAMEWORK_HEADER = YES;
				CLANG_WARN_RANGE_LOOP_ANALYSIS = YES;
				CLANG_WARN_STRICT_PROTOTYPES = YES;
				CLANG_WARN_SUSPICIOUS_MOVE = YES;
				CLANG_WARN_UNGUARDED_AVAILABILITY = YES_AGGRESSIVE;
				CLANG_WARN_UNREACHABLE_CODE = YES;
				CLANG_WARN__DUPLICATE_METHOD_MATCH = YES;
				COPY_PHASE_STRIP = NO;
				DEBUG_INFORMATION_FORMAT = "dwarf-with-dsym";
				ENABLE_NS_ASSERTIONS = NO;
				ENABLE_STRICT_OBJC_MSGSEND = YES;
				GCC_C_LANGUAGE_STANDARD = gnu11;
				GCC_NO_COMMON_BLOCKS = YES;
				GCC_WARN_64_TO_32_BIT_CONVERSION = YES;
				GCC_WARN_ABOUT_RETURN_TYPE = YES_ERROR;
				GCC_WARN_UNDECLARED_SELECTOR = YES;
				GCC_WARN_UNINITIALIZED_AUTOS = YES_AGGRESSIVE;
				GCC_WARN_UNUSED_FUNCTION = YES;
				GCC_WARN_UNUSED_VARIABLE = YES;
				IPHONEOS_DEPLOYMENT_TARGET = 16.2;
				MTL_ENABLE_DEBUG_INFO = NO;
				MTL_FAST_MATH = YES;
				SDKROOT = iphoneos;
				SWIFT_COMPILATION_MODE = wholemodule;
				SWIFT_OPTIMIZATION_LEVEL = "-O";
				VALIDATE_PRODUCT = YES;
			};
			name = Release;
		};
		962BFEA92A6BE5790040A29B /* Debug */ = {
			isa = XCBuildConfiguration;
			buildSettings = {
				ASSETCATALOG_COMPILER_APPICON_NAME = AppIcon;
				ASSETCATALOG_COMPILER_GLOBAL_ACCENT_COLOR_NAME = AccentColor;
				CODE_SIGN_STYLE = Automatic;
				CURRENT_PROJECT_VERSION = 1;
				DEVELOPMENT_TEAM = Y5WSGR4QBW;
				GENERATE_INFOPLIST_FILE = YES;
				INFOPLIST_FILE = Todoshka/Info.plist;
				INFOPLIST_KEY_UIApplicationSupportsIndirectInputEvents = YES;
				INFOPLIST_KEY_UILaunchStoryboardName = LaunchScreen.storyboard;
				INFOPLIST_KEY_UISupportedInterfaceOrientations_iPad = "UIInterfaceOrientationPortrait UIInterfaceOrientationPortraitUpsideDown UIInterfaceOrientationLandscapeLeft UIInterfaceOrientationLandscapeRight";
				INFOPLIST_KEY_UISupportedInterfaceOrientations_iPhone = UIInterfaceOrientationPortrait;
				LD_RUNPATH_SEARCH_PATHS = (
					"$(inherited)",
					"@executable_path/Frameworks",
				);
				MARKETING_VERSION = 1.0;
				PRODUCT_BUNDLE_IDENTIFIER = com.antonFreezer.Todoshka;
				PRODUCT_NAME = "$(TARGET_NAME)";
				SWIFT_EMIT_LOC_STRINGS = YES;
				SWIFT_VERSION = 5.0;
				TARGETED_DEVICE_FAMILY = "1,2";
			};
			name = Debug;
		};
		962BFEAA2A6BE5790040A29B /* Release */ = {
			isa = XCBuildConfiguration;
			buildSettings = {
				ASSETCATALOG_COMPILER_APPICON_NAME = AppIcon;
				ASSETCATALOG_COMPILER_GLOBAL_ACCENT_COLOR_NAME = AccentColor;
				CODE_SIGN_STYLE = Automatic;
				CURRENT_PROJECT_VERSION = 1;
				DEVELOPMENT_TEAM = Y5WSGR4QBW;
				GENERATE_INFOPLIST_FILE = YES;
				INFOPLIST_FILE = Todoshka/Info.plist;
				INFOPLIST_KEY_UIApplicationSupportsIndirectInputEvents = YES;
				INFOPLIST_KEY_UILaunchStoryboardName = LaunchScreen.storyboard;
				INFOPLIST_KEY_UISupportedInterfaceOrientations_iPad = "UIInterfaceOrientationPortrait UIInterfaceOrientationPortraitUpsideDown UIInterfaceOrientationLandscapeLeft UIInterfaceOrientationLandscapeRight";
				INFOPLIST_KEY_UISupportedInterfaceOrientations_iPhone = UIInterfaceOrientationPortrait;
				LD_RUNPATH_SEARCH_PATHS = (
					"$(inherited)",
					"@executable_path/Frameworks",
				);
				MARKETING_VERSION = 1.0;
				PRODUCT_BUNDLE_IDENTIFIER = com.antonFreezer.Todoshka;
				PRODUCT_NAME = "$(TARGET_NAME)";
				SWIFT_EMIT_LOC_STRINGS = YES;
				SWIFT_VERSION = 5.0;
				TARGETED_DEVICE_FAMILY = "1,2";
			};
			name = Release;
		};
/* End XCBuildConfiguration section */

/* Begin XCConfigurationList section */
		962BFE8C2A6BE5780040A29B /* Build configuration list for PBXProject "Todoshka" */ = {
			isa = XCConfigurationList;
			buildConfigurations = (
				962BFEA62A6BE5790040A29B /* Debug */,
				962BFEA72A6BE5790040A29B /* Release */,
			);
			defaultConfigurationIsVisible = 0;
			defaultConfigurationName = Release;
		};
		962BFEA82A6BE5790040A29B /* Build configuration list for PBXNativeTarget "Todoshka" */ = {
			isa = XCConfigurationList;
			buildConfigurations = (
				962BFEA92A6BE5790040A29B /* Debug */,
				962BFEAA2A6BE5790040A29B /* Release */,
			);
			defaultConfigurationIsVisible = 0;
			defaultConfigurationName = Release;
		};
/* End XCConfigurationList section */

/* Begin XCRemoteSwiftPackageReference section */
		962BFEAE2A6C08D30040A29B /* XCRemoteSwiftPackageReference "SnapKit" */ = {
			isa = XCRemoteSwiftPackageReference;
			repositoryURL = "https://github.com/SnapKit/SnapKit.git";
			requirement = {
				kind = upToNextMajorVersion;
				minimumVersion = 5.0.0;
			};
		};
/* End XCRemoteSwiftPackageReference section */

/* Begin XCSwiftPackageProductDependency section */
		962BFEAF2A6C08D30040A29B /* SnapKit */ = {
			isa = XCSwiftPackageProductDependency;
			package = 962BFEAE2A6C08D30040A29B /* XCRemoteSwiftPackageReference "SnapKit" */;
			productName = SnapKit;
		};
/* End XCSwiftPackageProductDependency section */

/* Begin XCVersionGroup section */
		962BFE9D2A6BE5780040A29B /* Todoshka.xcdatamodeld */ = {
			isa = XCVersionGroup;
			children = (
				962BFE9E2A6BE5780040A29B /* Todoshka.xcdatamodel */,
			);
			currentVersion = 962BFE9E2A6BE5780040A29B /* Todoshka.xcdatamodel */;
			path = Todoshka.xcdatamodeld;
			sourceTree = "<group>";
			versionGroupType = wrapper.xcdatamodel;
		};
/* End XCVersionGroup section */
	};
	rootObject = 962BFE892A6BE5780040A29B /* Project object */;
}
